{
  "name": "public",
  "version": "1.0.0",
  "lockfileVersion": 1,
  "requires": true,
  "dependencies": {
    "bootstrap4-toggle": {
      "version": "3.6.1",
      "resolved": "https://registry.npmjs.org/bootstrap4-toggle/-/bootstrap4-toggle-3.6.1.tgz",
      "integrity": "sha512-eRejcTc9YurhZ64nHY9Ii9DQn+F9/R74H9RPoeANVM3N1+C2lZ2tUuFCx1w3orOJ1y/iG4A7iCwdDZphMDIrYg=="
    },
    "sweetalert2": {
      "version": "10.15.5",
      "resolved": "https://registry.npmjs.org/sweetalert2/-/sweetalert2-10.15.5.tgz",
      "integrity": "sha512-zHZqVpsEyfBVy/O25D7RMYyh+/h0jbmHXGK9DWEDnkPvsl4JlMueJRSEidAFS+mtYDLI8fFkGKltgHRvDPRV1g=="
    }
  }
}
